
Microsoft Visual Studio Solution File, Format Version 12.00
# Visual Studio Version 17
VisualStudioVersion = 17.0.32112.339
MinimumVisualStudioVersion = 10.0.40219.1
Project("{FAE04EC0-301F-11D3-BF4B-00C04F79EFBC}") = "SpecFlowTestProjectForCalculatorTestStackWhite", "SpecFlowTestProjectForCalculatorTestStackWhite.csproj", "{31026AE1-0D6D-44B7-8F68-534431791050}"
EndProject
Global
	GlobalSection(SolutionConfigurationPlatforms) = preSolution
		Debug|Any CPU = Debug|Any CPU
		Release|Any CPU = Release|Any CPU
	EndGlobalSection
	GlobalSection(ProjectConfigurationPlatforms) = postSolution
		{31026AE1-0D6D-44B7-8F68-534431791050}.Debug|Any CPU.ActiveCfg = Debug|Any CPU
		{31026AE1-0D6D-44B7-8F68-534431791050}.Debug|Any CPU.Build.0 = Debug|Any CPU
		{31026AE1-0D6D-44B7-8F68-534431791050}.Release|Any CPU.ActiveCfg = Release|Any CPU
		{31026AE1-0D6D-44B7-8F68-534431791050}.Release|Any CPU.Build.0 = Release|Any CPU
	EndGlobalSection
	GlobalSection(SolutionProperties) = preSolution
		HideSolutionNode = FALSE
	EndGlobalSection
	GlobalSection(ExtensibilityGlobals) = postSolution
		SolutionGuid = {31703E60-1202-4166-BBB4-7EEFCD5A9189}
	EndGlobalSection
EndGlobal
